
Microsoft Visual Studio Solution File, Format Version 12.00
# Visual Studio Version 17
VisualStudioVersion = 17.9.34902.65
MinimumVisualStudioVersion = 10.0.40219.1
Project("{FAE04EC0-301F-11D3-BF4B-00C04F79EFBC}") = "jwt_auth", "jwt_auth\jwt_auth.csproj", "{2484778C-1F8E-4563-A252-4F78A01A2F49}"
EndProject
Global
	GlobalSection(SolutionConfigurationPlatforms) = preSolution
		Debug|Any CPU = Debug|Any CPU
		Release|Any CPU = Release|Any CPU
	EndGlobalSection
	GlobalSection(ProjectConfigurationPlatforms) = postSolution
		{2484778C-1F8E-4563-A252-4F78A01A2F49}.Debug|Any CPU.ActiveCfg = Debug|Any CPU
		{2484778C-1F8E-4563-A252-4F78A01A2F49}.Debug|Any CPU.Build.0 = Debug|Any CPU
		{2484778C-1F8E-4563-A252-4F78A01A2F49}.Release|Any CPU.ActiveCfg = Release|Any CPU
		{2484778C-1F8E-4563-A252-4F78A01A2F49}.Release|Any CPU.Build.0 = Release|Any CPU
	EndGlobalSection
	GlobalSection(SolutionProperties) = preSolution
		HideSolutionNode = FALSE
	EndGlobalSection
	GlobalSection(ExtensibilityGlobals) = postSolution
		SolutionGuid = {4146EB6D-EBF9-491F-9A1C-A3DB882FE6AA}
	EndGlobalSection
EndGlobal
